
Microsoft Visual Studio Solution File, Format Version 12.00
# Visual Studio 15
VisualStudioVersion = 15.0.28307.645
MinimumVisualStudioVersion = 10.0.40219.1
Project("{FAE04EC0-301F-11D3-BF4B-00C04F79EFBC}") = "Assembly-CSharp", "Assembly-CSharp.csproj", "{3675D952-0309-B571-6CA0-112243DFF20F}"
EndProject
Global
	GlobalSection(SolutionConfigurationPlatforms) = preSolution
		Debug|Any CPU = Debug|Any CPU
		Release|Any CPU = Release|Any CPU
	EndGlobalSection
	GlobalSection(ProjectConfigurationPlatforms) = postSolution
		{3675D952-0309-B571-6CA0-112243DFF20F}.Debug|Any CPU.ActiveCfg = Debug|Any CPU
		{3675D952-0309-B571-6CA0-112243DFF20F}.Debug|Any CPU.Build.0 = Debug|Any CPU
		{3675D952-0309-B571-6CA0-112243DFF20F}.Release|Any CPU.ActiveCfg = Release|Any CPU
		{3675D952-0309-B571-6CA0-112243DFF20F}.Release|Any CPU.Build.0 = Release|Any CPU
	EndGlobalSection
	GlobalSection(SolutionProperties) = preSolution
		HideSolutionNode = FALSE
	EndGlobalSection
	GlobalSection(ExtensibilityGlobals) = postSolution
		SolutionGuid = {26C2E53A-929E-4EF3-A2BB-C4FA5A06023E}
	EndGlobalSection
EndGlobal
